
Microsoft Visual Studio Solution File, Format Version 12.00
# Visual Studio Version 17
VisualStudioVersion = 17.4.33213.308
MinimumVisualStudioVersion = 10.0.40219.1
Project("{FAE04EC0-301F-11D3-BF4B-00C04F79EFBC}") = "Cassa", "Cassa\Cassa.csproj", "{2A29A386-23A7-4233-BE2B-5534D0482A8D}"
EndProject
Global
	GlobalSection(SolutionConfigurationPlatforms) = preSolution
		Debug|Any CPU = Debug|Any CPU
		Release|Any CPU = Release|Any CPU
	EndGlobalSection
	GlobalSection(ProjectConfigurationPlatforms) = postSolution
		{2A29A386-23A7-4233-BE2B-5534D0482A8D}.Debug|Any CPU.ActiveCfg = Debug|Any CPU
		{2A29A386-23A7-4233-BE2B-5534D0482A8D}.Debug|Any CPU.Build.0 = Debug|Any CPU
		{2A29A386-23A7-4233-BE2B-5534D0482A8D}.Release|Any CPU.ActiveCfg = Release|Any CPU
		{2A29A386-23A7-4233-BE2B-5534D0482A8D}.Release|Any CPU.Build.0 = Release|Any CPU
	EndGlobalSection
	GlobalSection(SolutionProperties) = preSolution
		HideSolutionNode = FALSE
	EndGlobalSection
	GlobalSection(ExtensibilityGlobals) = postSolution
		SolutionGuid = {54D8F847-A9AB-4A74-92B3-86F3EF6835C6}
	EndGlobalSection
EndGlobal
